
Microsoft Visual Studio Solution File, Format Version 12.00
# Visual Studio Version 16
VisualStudioVersion = 16.0.37507.1
MinimumVisualStudioVersion = 10.0.40219.1
Project("{FAE04EC0-301F-11D3-BF4B-00C04F79EFBC}") = "Ado.NetMvcApplication", "Ado.NetMvcApplication\Ado.NetMvcApplication.csproj", "{6E664020-10E2-463F-BDF6-213E41E6C62C}"
EndProject
Global
	GlobalSection(SolutionConfigurationPlatforms) = preSolution
		Debug|Any CPU = Debug|Any CPU
		Release|Any CPU = Release|Any CPU
	EndGlobalSection
	GlobalSection(ProjectConfigurationPlatforms) = postSolution
		{6E664020-10E2-463F-BDF6-213E41E6C62C}.Debug|Any CPU.ActiveCfg = Debug|Any CPU
		{6E664020-10E2-463F-BDF6-213E41E6C62C}.Debug|Any CPU.Build.0 = Debug|Any CPU
		{6E664020-10E2-463F-BDF6-213E41E6C62C}.Release|Any CPU.ActiveCfg = Release|Any CPU
		{6E664020-10E2-463F-BDF6-213E41E6C62C}.Release|Any CPU.Build.0 = Release|Any CPU
	EndGlobalSection
	GlobalSection(SolutionProperties) = preSolution
		HideSolutionNode = FALSE
	EndGlobalSection
	GlobalSection(ExtensibilityGlobals) = postSolution
		SolutionGuid = {126F0113-86C3-41A7-8E7C-AECFEADC8E4B}
	EndGlobalSection
EndGlobal
